
Microsoft Visual Studio Solution File, Format Version 12.00
# Visual Studio Version 16
VisualStudioVersion = 16.0.30804.86
MinimumVisualStudioVersion = 10.0.40219.1
Project("{FAE04EC0-301F-11D3-BF4B-00C04F79EFBC}") = "CircleForms", "CircleForms\CircleForms.csproj", "{79292750-928C-4841-A7F7-9E009AC7C076}"
EndProject
Global
	GlobalSection(SolutionConfigurationPlatforms) = preSolution
		Debug|Any CPU = Debug|Any CPU
		Release|Any CPU = Release|Any CPU
	EndGlobalSection
	GlobalSection(ProjectConfigurationPlatforms) = postSolution
		{79292750-928C-4841-A7F7-9E009AC7C076}.Debug|Any CPU.ActiveCfg = Debug|Any CPU
		{79292750-928C-4841-A7F7-9E009AC7C076}.Debug|Any CPU.Build.0 = Debug|Any CPU
		{79292750-928C-4841-A7F7-9E009AC7C076}.Release|Any CPU.ActiveCfg = Release|Any CPU
		{79292750-928C-4841-A7F7-9E009AC7C076}.Release|Any CPU.Build.0 = Release|Any CPU
	EndGlobalSection
	GlobalSection(SolutionProperties) = preSolution
		HideSolutionNode = FALSE
	EndGlobalSection
	GlobalSection(ExtensibilityGlobals) = postSolution
		SolutionGuid = {7D04463C-B096-4C99-9CD7-3CFEABC74100}
	EndGlobalSection
EndGlobal
